
Microsoft Visual Studio Solution File, Format Version 12.00
# Visual Studio Version 17
VisualStudioVersion = 17.6.33829.357
MinimumVisualStudioVersion = 10.0.40219.1
Project("{FAE04EC0-301F-11D3-BF4B-00C04F79EFBC}") = "MapaDeClase.console", "MapaDeClase.console\MapaDeClase.console.csproj", "{3FBD1E62-13E8-427D-86C9-E72F9D0CA32C}"
EndProject
Global
	GlobalSection(SolutionConfigurationPlatforms) = preSolution
		Debug|Any CPU = Debug|Any CPU
		Release|Any CPU = Release|Any CPU
	EndGlobalSection
	GlobalSection(ProjectConfigurationPlatforms) = postSolution
		{3FBD1E62-13E8-427D-86C9-E72F9D0CA32C}.Debug|Any CPU.ActiveCfg = Debug|Any CPU
		{3FBD1E62-13E8-427D-86C9-E72F9D0CA32C}.Debug|Any CPU.Build.0 = Debug|Any CPU
		{3FBD1E62-13E8-427D-86C9-E72F9D0CA32C}.Release|Any CPU.ActiveCfg = Release|Any CPU
		{3FBD1E62-13E8-427D-86C9-E72F9D0CA32C}.Release|Any CPU.Build.0 = Release|Any CPU
	EndGlobalSection
	GlobalSection(SolutionProperties) = preSolution
		HideSolutionNode = FALSE
	EndGlobalSection
	GlobalSection(ExtensibilityGlobals) = postSolution
		SolutionGuid = {76506245-632C-49A5-B96F-A07570D498D3}
	EndGlobalSection
EndGlobal
